// !$*UTF8*$!
{
	archiveVersion = 1;
	classes = {
	};
	objectVersion = 46;
	objects = {

/* Begin PBXAggregateTarget section */
		A2CD4C9F1B72337500320DB8 /* OCLint */ = {
			isa = PBXAggregateTarget;
			buildConfigurationList = A2CD4CA21B72337500320DB8 /* Build configuration list for PBXAggregateTarget "OCLint" */;
			buildPhases = (
				A2CD4CA41B723C2600320DB8 /* ShellScript */,
			);
			dependencies = (
			);
			name = OCLint;
			productName = OCLint;
		};
/* End PBXAggregateTarget section */

/* Begin PBXBuildFile section */
		1DF636E6F0DEE8BE628C8BA1 /* libPods-Share SoundCloudTests.a in Frameworks */ = {isa = PBXBuildFile; fileRef = AC374DE1E011443C98070F05 /* libPods-Share SoundCloudTests.a */; };
		A26A117C1B72B5F60089C7C0 /* ShareViewController.m in Sources */ = {isa = PBXBuildFile; fileRef = A26A117B1B72B5F60089C7C0 /* ShareViewController.m */; };
		A26A117E1B72B5F60089C7C0 /* MainInterface.storyboard in Resources */ = {isa = PBXBuildFile; fileRef = A26A117D1B72B5F60089C7C0 /* MainInterface.storyboard */; };
		A26A11811B72B5F60089C7C0 /* Share Memory Game.appex in Embed App Extensions */ = {isa = PBXBuildFile; fileRef = A26A11761B72B5F60089C7C0 /* Share Memory Game.appex */; settings = {ATTRIBUTES = (RemoveHeadersOnCopy, ); }; };
		A26A118A1B72C3020089C7C0 /* GameCollectionViewCell.m in Sources */ = {isa = PBXBuildFile; fileRef = A26A11891B72C3020089C7C0 /* GameCollectionViewCell.m */; };
		A26A11A61B7607320089C7C0 /* Track.m in Sources */ = {isa = PBXBuildFile; fileRef = A26A11A51B7607320089C7C0 /* Track.m */; };
		A26A11AA1B76074D0089C7C0 /* TrackList.m in Sources */ = {isa = PBXBuildFile; fileRef = A26A11A91B76074D0089C7C0 /* TrackList.m */; };
		A26A11B21B7607B60089C7C0 /* SharePresenterImpl.m in Sources */ = {isa = PBXBuildFile; fileRef = A26A11B11B7607B60089C7C0 /* SharePresenterImpl.m */; };
		A26A11B71B760B400089C7C0 /* TrackListRepositoryImpl.m in Sources */ = {isa = PBXBuildFile; fileRef = A26A11B61B760B400089C7C0 /* TrackListRepositoryImpl.m */; };
		A26A11BE1B760D1E0089C7C0 /* RESTClientImpl.m in Sources */ = {isa = PBXBuildFile; fileRef = A26A11BD1B760D1E0089C7C0 /* RESTClientImpl.m */; };
		A26A11C31B760D3A0089C7C0 /* TrackListInteractor.m in Sources */ = {isa = PBXBuildFile; fileRef = A26A11C21B760D3A0089C7C0 /* TrackListInteractor.m */; };
		A271BE661B780A350053B2B9 /* ShareViewModel.m in Sources */ = {isa = PBXBuildFile; fileRef = A271BE651B780A350053B2B9 /* ShareViewModel.m */; };
		A271BE6F1B791B050053B2B9 /* NSArray+Helper.m in Sources */ = {isa = PBXBuildFile; fileRef = A271BE6E1B791B050053B2B9 /* NSArray+Helper.m */; };
		A271BE771B7A90500053B2B9 /* ShareMemoryGameDependencies.m in Sources */ = {isa = PBXBuildFile; fileRef = A271BE761B7A90500053B2B9 /* ShareMemoryGameDependencies.m */; };
		A2CD4C681B72119C00320DB8 /* main.m in Sources */ = {isa = PBXBuildFile; fileRef = A2CD4C671B72119C00320DB8 /* main.m */; };
		A2CD4C6B1B72119C00320DB8 /* AppDelegate.m in Sources */ = {isa = PBXBuildFile; fileRef = A2CD4C6A1B72119C00320DB8 /* AppDelegate.m */; };
		A2CD4C6E1B72119C00320DB8 /* ViewController.m in Sources */ = {isa = PBXBuildFile; fileRef = A2CD4C6D1B72119C00320DB8 /* ViewController.m */; };
		A2CD4C711B72119C00320DB8 /* Main.storyboard in Resources */ = {isa = PBXBuildFile; fileRef = A2CD4C6F1B72119C00320DB8 /* Main.storyboard */; };
		A2CD4C731B72119C00320DB8 /* Images.xcassets in Resources */ = {isa = PBXBuildFile; fileRef = A2CD4C721B72119C00320DB8 /* Images.xcassets */; };
		A2CD4C761B72119C00320DB8 /* LaunchScreen.xib in Resources */ = {isa = PBXBuildFile; fileRef = A2CD4C741B72119C00320DB8 /* LaunchScreen.xib */; };
		A2FC53011B7758F60060B350 /* GameCollectionViewDataSource.m in Sources */ = {isa = PBXBuildFile; fileRef = A2FC53001B7758F60060B350 /* GameCollectionViewDataSource.m */; };
		A2FC53041B7759150060B350 /* GameCollectionViewDelegate.m in Sources */ = {isa = PBXBuildFile; fileRef = A2FC53031B7759150060B350 /* GameCollectionViewDelegate.m */; };
		A2FC530E1B7800340060B350 /* TrackListResponseModel.m in Sources */ = {isa = PBXBuildFile; fileRef = A2FC530D1B7800340060B350 /* TrackListResponseModel.m */; };
		CDB2DFC4F28958A04651BC73 /* libPods-Share Memory Game.a in Frameworks */ = {isa = PBXBuildFile; fileRef = FE280C28F7930746A1D04A64 /* libPods-Share Memory Game.a */; };
/* End PBXBuildFile section */

/* Begin PBXContainerItemProxy section */
		A26A117F1B72B5F60089C7C0 /* PBXContainerItemProxy */ = {
			isa = PBXContainerItemProxy;
			containerPortal = A2CD4C5A1B72119C00320DB8 /* Project object */;
			proxyType = 1;
			remoteGlobalIDString = A26A11751B72B5F60089C7C0;
			remoteInfo = "Share Memory Game";
		};
		A2CD4C7C1B72119C00320DB8 /* PBXContainerItemProxy */ = {
			isa = PBXContainerItemProxy;
			containerPortal = A2CD4C5A1B72119C00320DB8 /* Project object */;
			proxyType = 1;
			remoteGlobalIDString = A2CD4C611B72119C00320DB8;
			remoteInfo = "Share SoundCloud";
		};
/* End PBXContainerItemProxy section */

/* Begin PBXCopyFilesBuildPhase section */
		A2CD4C9E1B7211B500320DB8 /* Embed App Extensions */ = {
			isa = PBXCopyFilesBuildPhase;
			buildActionMask = 2147483647;
			dstPath = "";
			dstSubfolderSpec = 13;
			files = (
				A26A11811B72B5F60089C7C0 /* Share Memory Game.appex in Embed App Extensions */,
			);
			name = "Embed App Extensions";
			runOnlyForDeploymentPostprocessing = 0;
		};
/* End PBXCopyFilesBuildPhase section */

/* Begin PBXFileReference section */
		02A0B4EFFC6177978FEA3DA0 /* Pods-Share Memory Game.release.xcconfig */ = {isa = PBXFileReference; includeInIndex = 1; lastKnownFileType = text.xcconfig; name = "Pods-Share Memory Game.release.xcconfig"; path = "Pods/Target Support Files/Pods-Share Memory Game/Pods-Share Memory Game.release.xcconfig"; sourceTree = "<group>"; };
		16EB93758B5CF622FB1367B4 /* Pods-Share SoundCloudTests.debug.xcconfig */ = {isa = PBXFileReference; includeInIndex = 1; lastKnownFileType = text.xcconfig; name = "Pods-Share SoundCloudTests.debug.xcconfig"; path = "Pods/Target Support Files/Pods-Share SoundCloudTests/Pods-Share SoundCloudTests.debug.xcconfig"; sourceTree = "<group>"; };
		6544A0472F34553F78686A78 /* libPods-Share SoundCloud.a */ = {isa = PBXFileReference; explicitFileType = archive.ar; includeInIndex = 0; path = "libPods-Share SoundCloud.a"; sourceTree = BUILT_PRODUCTS_DIR; };
		72CEEBF24CBE56C397620C36 /* Pods-Share SoundCloudTests.release.xcconfig */ = {isa = PBXFileReference; includeInIndex = 1; lastKnownFileType = text.xcconfig; name = "Pods-Share SoundCloudTests.release.xcconfig"; path = "Pods/Target Support Files/Pods-Share SoundCloudTests/Pods-Share SoundCloudTests.release.xcconfig"; sourceTree = "<group>"; };
		A26A11761B72B5F60089C7C0 /* Share Memory Game.appex */ = {isa = PBXFileReference; explicitFileType = "wrapper.app-extension"; includeInIndex = 0; path = "Share Memory Game.appex"; sourceTree = BUILT_PRODUCTS_DIR; };
		A26A11791B72B5F60089C7C0 /* Info.plist */ = {isa = PBXFileReference; lastKnownFileType = text.plist.xml; path = Info.plist; sourceTree = "<group>"; };
		A26A117A1B72B5F60089C7C0 /* ShareViewController.h */ = {isa = PBXFileReference; lastKnownFileType = sourcecode.c.h; path = ShareViewController.h; sourceTree = "<group>"; };
		A26A117B1B72B5F60089C7C0 /* ShareViewController.m */ = {isa = PBXFileReference; lastKnownFileType = sourcecode.c.objc; path = ShareViewController.m; sourceTree = "<group>"; };
		A26A117D1B72B5F60089C7C0 /* MainInterface.storyboard */ = {isa = PBXFileReference; lastKnownFileType = file.storyboard; path = MainInterface.storyboard; sourceTree = "<group>"; };
		A26A11881B72C3020089C7C0 /* GameCollectionViewCell.h */ = {isa = PBXFileReference; fileEncoding = 4; lastKnownFileType = sourcecode.c.h; name = GameCollectionViewCell.h; path = Views/GameCollectionViewCell.h; sourceTree = "<group>"; };
		A26A11891B72C3020089C7C0 /* GameCollectionViewCell.m */ = {isa = PBXFileReference; fileEncoding = 4; lastKnownFileType = sourcecode.c.objc; name = GameCollectionViewCell.m; path = Views/GameCollectionViewCell.m; sourceTree = "<group>"; };
		A26A11A41B7607320089C7C0 /* Track.h */ = {isa = PBXFileReference; fileEncoding = 4; lastKnownFileType = sourcecode.c.h; name = Track.h; path = Entities/Track.h; sourceTree = "<group>"; };
		A26A11A51B7607320089C7C0 /* Track.m */ = {isa = PBXFileReference; fileEncoding = 4; lastKnownFileType = sourcecode.c.objc; name = Track.m; path = Entities/Track.m; sourceTree = "<group>"; };
		A26A11A81B76074D0089C7C0 /* TrackList.h */ = {isa = PBXFileReference; fileEncoding = 4; lastKnownFileType = sourcecode.c.h; name = TrackList.h; path = Entities/TrackList.h; sourceTree = "<group>"; };
		A26A11A91B76074D0089C7C0 /* TrackList.m */ = {isa = PBXFileReference; fileEncoding = 4; lastKnownFileType = sourcecode.c.objc; name = TrackList.m; path = Entities/TrackList.m; sourceTree = "<group>"; };
		A26A11B01B7607B60089C7C0 /* SharePresenterImpl.h */ = {isa = PBXFileReference; fileEncoding = 4; lastKnownFileType = sourcecode.c.h; name = SharePresenterImpl.h; path = Presenters/SharePresenterImpl.h; sourceTree = "<group>"; };
		A26A11B11B7607B60089C7C0 /* SharePresenterImpl.m */ = {isa = PBXFileReference; fileEncoding = 4; lastKnownFileType = sourcecode.c.objc; name = SharePresenterImpl.m; path = Presenters/SharePresenterImpl.m; sourceTree = "<group>"; };
		A26A11B51B760B400089C7C0 /* TrackListRepositoryImpl.h */ = {isa = PBXFileReference; fileEncoding = 4; lastKnownFileType = sourcecode.c.h; name = TrackListRepositoryImpl.h; path = Repositories/TrackListRepositoryImpl.h; sourceTree = "<group>"; };
		A26A11B61B760B400089C7C0 /* TrackListRepositoryImpl.m */ = {isa = PBXFileReference; fileEncoding = 4; lastKnownFileType = sourcecode.c.objc; name = TrackListRepositoryImpl.m; path = Repositories/TrackListRepositoryImpl.m; sourceTree = "<group>"; };
		A26A11B81B760BA40089C7C0 /* TrackListRepository.h */ = {isa = PBXFileReference; fileEncoding = 4; lastKnownFileType = sourcecode.c.h; name = TrackListRepository.h; path = Repositories/TrackListRepository.h; sourceTree = "<group>"; };
		A26A11B91B760BE10089C7C0 /* SharePresenter.h */ = {isa = PBXFileReference; fileEncoding = 4; lastKnownFileType = sourcecode.c.h; name = SharePresenter.h; path = Presenters/SharePresenter.h; sourceTree = "<group>"; };
		A26A11BC1B760D1E0089C7C0 /* RESTClientImpl.h */ = {isa = PBXFileReference; fileEncoding = 4; lastKnownFileType = sourcecode.c.h; path = RESTClientImpl.h; sourceTree = "<group>"; };
		A26A11BD1B760D1E0089C7C0 /* RESTClientImpl.m */ = {isa = PBXFileReference; fileEncoding = 4; lastKnownFileType = sourcecode.c.objc; path = RESTClientImpl.m; sourceTree = "<group>"; };
		A26A11C11B760D3A0089C7C0 /* TrackListInteractor.h */ = {isa = PBXFileReference; fileEncoding = 4; lastKnownFileType = sourcecode.c.h; path = TrackListInteractor.h; sourceTree = "<group>"; };
		A26A11C21B760D3A0089C7C0 /* TrackListInteractor.m */ = {isa = PBXFileReference; fileEncoding = 4; lastKnownFileType = sourcecode.c.objc; path = TrackListInteractor.m; sourceTree = "<group>"; };
		A26A11C41B76236B0089C7C0 /* ShareViewInterface.h */ = {isa = PBXFileReference; fileEncoding = 4; lastKnownFileType = sourcecode.c.h; name = ShareViewInterface.h; path = Views/ShareViewInterface.h; sourceTree = "<group>"; };
		A271BE641B780A350053B2B9 /* ShareViewModel.h */ = {isa = PBXFileReference; fileEncoding = 4; lastKnownFileType = sourcecode.c.h; name = ShareViewModel.h; path = Presenters/ViewModels/ShareViewModel.h; sourceTree = "<group>"; };
		A271BE651B780A350053B2B9 /* ShareViewModel.m */ = {isa = PBXFileReference; fileEncoding = 4; lastKnownFileType = sourcecode.c.objc; name = ShareViewModel.m; path = Presenters/ViewModels/ShareViewModel.m; sourceTree = "<group>"; };
		A271BE6D1B791B050053B2B9 /* NSArray+Helper.h */ = {isa = PBXFileReference; fileEncoding = 4; lastKnownFileType = sourcecode.c.h; name = "NSArray+Helper.h"; path = "Utils/NSArray+Helper.h"; sourceTree = "<group>"; };
		A271BE6E1B791B050053B2B9 /* NSArray+Helper.m */ = {isa = PBXFileReference; fileEncoding = 4; lastKnownFileType = sourcecode.c.objc; name = "NSArray+Helper.m"; path = "Utils/NSArray+Helper.m"; sourceTree = "<group>"; };
		A271BE751B7A90500053B2B9 /* ShareMemoryGameDependencies.h */ = {isa = PBXFileReference; fileEncoding = 4; lastKnownFileType = sourcecode.c.h; name = ShareMemoryGameDependencies.h; path = Dependencies/ShareMemoryGameDependencies.h; sourceTree = "<group>"; };
		A271BE761B7A90500053B2B9 /* ShareMemoryGameDependencies.m */ = {isa = PBXFileReference; fileEncoding = 4; lastKnownFileType = sourcecode.c.objc; name = ShareMemoryGameDependencies.m; path = Dependencies/ShareMemoryGameDependencies.m; sourceTree = "<group>"; };
		A271BE7B1B7AB0E70053B2B9 /* README.md */ = {isa = PBXFileReference; lastKnownFileType = net.daringfireball.markdown; path = README.md; sourceTree = "<group>"; };
		A2CD4C621B72119C00320DB8 /* Share SoundCloud.app */ = {isa = PBXFileReference; explicitFileType = wrapper.application; includeInIndex = 0; path = "Share SoundCloud.app"; sourceTree = BUILT_PRODUCTS_DIR; };
		A2CD4C661B72119C00320DB8 /* Info.plist */ = {isa = PBXFileReference; lastKnownFileType = text.plist.xml; path = Info.plist; sourceTree = "<group>"; };
		A2CD4C671B72119C00320DB8 /* main.m */ = {isa = PBXFileReference; lastKnownFileType = sourcecode.c.objc; path = main.m; sourceTree = "<group>"; };
		A2CD4C691B72119C00320DB8 /* AppDelegate.h */ = {isa = PBXFileReference; lastKnownFileType = sourcecode.c.h; path = AppDelegate.h; sourceTree = "<group>"; };
		A2CD4C6A1B72119C00320DB8 /* AppDelegate.m */ = {isa = PBXFileReference; lastKnownFileType = sourcecode.c.objc; path = AppDelegate.m; sourceTree = "<group>"; };
		A2CD4C6C1B72119C00320DB8 /* ViewController.h */ = {isa = PBXFileReference; lastKnownFileType = sourcecode.c.h; path = ViewController.h; sourceTree = "<group>"; };
		A2CD4C6D1B72119C00320DB8 /* ViewController.m */ = {isa = PBXFileReference; lastKnownFileType = sourcecode.c.objc; path = ViewController.m; sourceTree = "<group>"; };
		A2CD4C701B72119C00320DB8 /* Base */ = {isa = PBXFileReference; lastKnownFileType = file.storyboard; name = Base; path = Base.lproj/Main.storyboard; sourceTree = "<group>"; };
		A2CD4C721B72119C00320DB8 /* Images.xcassets */ = {isa = PBXFileReference; lastKnownFileType = folder.assetcatalog; path = Images.xcassets; sourceTree = "<group>"; };
		A2CD4C751B72119C00320DB8 /* Base */ = {isa = PBXFileReference; lastKnownFileType = file.xib; name = Base; path = Base.lproj/LaunchScreen.xib; sourceTree = "<group>"; };
		A2CD4C7B1B72119C00320DB8 /* Share SoundCloudTests.xctest */ = {isa = PBXFileReference; explicitFileType = wrapper.cfbundle; includeInIndex = 0; path = "Share SoundCloudTests.xctest"; sourceTree = BUILT_PRODUCTS_DIR; };
		A2CD4C801B72119C00320DB8 /* Info.plist */ = {isa = PBXFileReference; lastKnownFileType = text.plist.xml; path = Info.plist; sourceTree = "<group>"; };
		A2FC52FE1B76C0260060B350 /* RESTClient.h */ = {isa = PBXFileReference; lastKnownFileType = sourcecode.c.h; path = RESTClient.h; sourceTree = "<group>"; };
		A2FC52FF1B7758F60060B350 /* GameCollectionViewDataSource.h */ = {isa = PBXFileReference; fileEncoding = 4; lastKnownFileType = sourcecode.c.h; name = GameCollectionViewDataSource.h; path = Views/GameCollectionViewDataSource.h; sourceTree = "<group>"; };
		A2FC53001B7758F60060B350 /* GameCollectionViewDataSource.m */ = {isa = PBXFileReference; fileEncoding = 4; lastKnownFileType = sourcecode.c.objc; name = GameCollectionViewDataSource.m; path = Views/GameCollectionViewDataSource.m; sourceTree = "<group>"; };
		A2FC53021B7759150060B350 /* GameCollectionViewDelegate.h */ = {isa = PBXFileReference; fileEncoding = 4; lastKnownFileType = sourcecode.c.h; name = GameCollectionViewDelegate.h; path = Views/GameCollectionViewDelegate.h; sourceTree = "<group>"; };
		A2FC53031B7759150060B350 /* GameCollectionViewDelegate.m */ = {isa = PBXFileReference; fileEncoding = 4; lastKnownFileType = sourcecode.c.objc; name = GameCollectionViewDelegate.m; path = Views/GameCollectionViewDelegate.m; sourceTree = "<group>"; };
		A2FC530C1B7800340060B350 /* TrackListResponseModel.h */ = {isa = PBXFileReference; fileEncoding = 4; lastKnownFileType = sourcecode.c.h; name = TrackListResponseModel.h; path = Responses/TrackListResponseModel.h; sourceTree = "<group>"; };
		A2FC530D1B7800340060B350 /* TrackListResponseModel.m */ = {isa = PBXFileReference; fileEncoding = 4; lastKnownFileType = sourcecode.c.objc; name = TrackListResponseModel.m; path = Responses/TrackListResponseModel.m; sourceTree = "<group>"; };
		AC374DE1E011443C98070F05 /* libPods-Share SoundCloudTests.a */ = {isa = PBXFileReference; explicitFileType = archive.ar; includeInIndex = 0; path = "libPods-Share SoundCloudTests.a"; sourceTree = BUILT_PRODUCTS_DIR; };
		E33F2C10B02845C32E569761 /* Pods-Share Memory Game.debug.xcconfig */ = {isa = PBXFileReference; includeInIndex = 1; lastKnownFileType = text.xcconfig; name = "Pods-Share Memory Game.debug.xcconfig"; path = "Pods/Target Support Files/Pods-Share Memory Game/Pods-Share Memory Game.debug.xcconfig"; sourceTree = "<group>"; };
		FE280C28F7930746A1D04A64 /* libPods-Share Memory Game.a */ = {isa = PBXFileReference; explicitFileType = archive.ar; includeInIndex = 0; path = "libPods-Share Memory Game.a"; sourceTree = BUILT_PRODUCTS_DIR; };
/* End PBXFileReference section */

/* Begin PBXFrameworksBuildPhase section */
		A26A11731B72B5F60089C7C0 /* Frameworks */ = {
			isa = PBXFrameworksBuildPhase;
			buildActionMask = 2147483647;
			files = (
				CDB2DFC4F28958A04651BC73 /* libPods-Share Memory Game.a in Frameworks */,
			);
			runOnlyForDeploymentPostprocessing = 0;
		};
		A2CD4C5F1B72119C00320DB8 /* Frameworks */ = {
			isa = PBXFrameworksBuildPhase;
			buildActionMask = 2147483647;
			files = (
			);
			runOnlyForDeploymentPostprocessing = 0;
		};
		A2CD4C781B72119C00320DB8 /* Frameworks */ = {
			isa = PBXFrameworksBuildPhase;
			buildActionMask = 2147483647;
			files = (
				1DF636E6F0DEE8BE628C8BA1 /* libPods-Share SoundCloudTests.a in Frameworks */,
			);
			runOnlyForDeploymentPostprocessing = 0;
		};
/* End PBXFrameworksBuildPhase section */

/* Begin PBXGroup section */
		2EC55A8D504EBB23E84A101D /* Frameworks */ = {
			isa = PBXGroup;
			children = (
				AC374DE1E011443C98070F05 /* libPods-Share SoundCloudTests.a */,
				6544A0472F34553F78686A78 /* libPods-Share SoundCloud.a */,
				FE280C28F7930746A1D04A64 /* libPods-Share Memory Game.a */,
			);
			name = Frameworks;
			sourceTree = "<group>";
		};
		A082627480F3C0B4BA24A6F4 /* Pods */ = {
			isa = PBXGroup;
			children = (
				16EB93758B5CF622FB1367B4 /* Pods-Share SoundCloudTests.debug.xcconfig */,
				72CEEBF24CBE56C397620C36 /* Pods-Share SoundCloudTests.release.xcconfig */,
				E33F2C10B02845C32E569761 /* Pods-Share Memory Game.debug.xcconfig */,
				02A0B4EFFC6177978FEA3DA0 /* Pods-Share Memory Game.release.xcconfig */,
			);
			name = Pods;
			sourceTree = "<group>";
		};
		A26A11771B72B5F60089C7C0 /* Share Memory Game */ = {
			isa = PBXGroup;
			children = (
				A26A11861B72BB490089C7C0 /* Views */,
				A26A11B31B7607BB0089C7C0 /* Presenters */,
				A26A11BF1B760D3A0089C7C0 /* Interactors */,
				A26A11A71B7607370089C7C0 /* Entities */,
				A26A11AF1B76077E0089C7C0 /* Repository */,
				A271BE6C1B7918A80053B2B9 /* Utils */,
				A271BE781B7A905D0053B2B9 /* Dependencies */,
				A26A117D1B72B5F60089C7C0 /* MainInterface.storyboard */,
				A26A11781B72B5F60089C7C0 /* Supporting Files */,
			);
			path = "Share Memory Game";
			sourceTree = "<group>";
		};
		A26A11781B72B5F60089C7C0 /* Supporting Files */ = {
			isa = PBXGroup;
			children = (
				A26A11791B72B5F60089C7C0 /* Info.plist */,
			);
			name = "Supporting Files";
			sourceTree = "<group>";
		};
		A26A11851B72BB400089C7C0 /* Views */ = {
			isa = PBXGroup;
			children = (
				A2CD4C6C1B72119C00320DB8 /* ViewController.h */,
				A2CD4C6D1B72119C00320DB8 /* ViewController.m */,
			);
			name = Views;
			sourceTree = "<group>";
		};
		A26A11861B72BB490089C7C0 /* Views */ = {
			isa = PBXGroup;
			children = (
				A2FC53051B77DC710060B350 /* Adapters */,
				A2FC53061B77DC800060B350 /* GameCollectionViewCell */,
				A26A11C41B76236B0089C7C0 /* ShareViewInterface.h */,
				A26A117A1B72B5F60089C7C0 /* ShareViewController.h */,
				A26A117B1B72B5F60089C7C0 /* ShareViewController.m */,
			);
			name = Views;
			sourceTree = "<group>";
		};
		A26A11A71B7607370089C7C0 /* Entities */ = {
			isa = PBXGroup;
			children = (
				A26A11A41B7607320089C7C0 /* Track.h */,
				A26A11A51B7607320089C7C0 /* Track.m */,
				A26A11A81B76074D0089C7C0 /* TrackList.h */,
				A26A11A91B76074D0089C7C0 /* TrackList.m */,
			);
			name = Entities;
			sourceTree = "<group>";
		};
		A26A11AF1B76077E0089C7C0 /* Repository */ = {
			isa = PBXGroup;
			children = (
				A26A11BB1B760D1D0089C7C0 /* HTTP */,
				A26A11B81B760BA40089C7C0 /* TrackListRepository.h */,
				A26A11B51B760B400089C7C0 /* TrackListRepositoryImpl.h */,
				A26A11B61B760B400089C7C0 /* TrackListRepositoryImpl.m */,
			);
			name = Repository;
			sourceTree = "<group>";
		};
		A26A11B31B7607BB0089C7C0 /* Presenters */ = {
			isa = PBXGroup;
			children = (
				A271BE671B780A3A0053B2B9 /* ViewModels */,
				A26A11B91B760BE10089C7C0 /* SharePresenter.h */,
				A26A11B01B7607B60089C7C0 /* SharePresenterImpl.h */,
				A26A11B11B7607B60089C7C0 /* SharePresenterImpl.m */,
			);
			name = Presenters;
			sourceTree = "<group>";
		};
		A26A11BB1B760D1D0089C7C0 /* HTTP */ = {
			isa = PBXGroup;
			children = (
				A2FC52FE1B76C0260060B350 /* RESTClient.h */,
				A26A11BC1B760D1E0089C7C0 /* RESTClientImpl.h */,
				A26A11BD1B760D1E0089C7C0 /* RESTClientImpl.m */,
			);
			name = HTTP;
			path = Repositories/Networking;
			sourceTree = "<group>";
		};
		A26A11BF1B760D3A0089C7C0 /* Interactors */ = {
			isa = PBXGroup;
			children = (
				A2FC530F1B7800390060B350 /* Response Models */,
				A26A11C11B760D3A0089C7C0 /* TrackListInteractor.h */,
				A26A11C21B760D3A0089C7C0 /* TrackListInteractor.m */,
			);
			path = Interactors;
			sourceTree = "<group>";
		};
		A271BE671B780A3A0053B2B9 /* ViewModels */ = {
			isa = PBXGroup;
			children = (
				A271BE641B780A350053B2B9 /* ShareViewModel.h */,
				A271BE651B780A350053B2B9 /* ShareViewModel.m */,
			);
			name = ViewModels;
			sourceTree = "<group>";
		};
		A271BE6C1B7918A80053B2B9 /* Utils */ = {
			isa = PBXGroup;
			children = (
				A271BE6D1B791B050053B2B9 /* NSArray+Helper.h */,
				A271BE6E1B791B050053B2B9 /* NSArray+Helper.m */,
			);
			name = Utils;
			sourceTree = "<group>";
		};
		A271BE781B7A905D0053B2B9 /* Dependencies */ = {
			isa = PBXGroup;
			children = (
				A271BE751B7A90500053B2B9 /* ShareMemoryGameDependencies.h */,
				A271BE761B7A90500053B2B9 /* ShareMemoryGameDependencies.m */,
			);
			name = Dependencies;
			sourceTree = "<group>";
		};
		A2CD4C591B72119C00320DB8 = {
			isa = PBXGroup;
			children = (
				A271BE7B1B7AB0E70053B2B9 /* README.md */,
				A2CD4C641B72119C00320DB8 /* Share SoundCloud */,
				A2CD4C7E1B72119C00320DB8 /* Share SoundCloudTests */,
				A26A11771B72B5F60089C7C0 /* Share Memory Game */,
				A2CD4C631B72119C00320DB8 /* Products */,
				A082627480F3C0B4BA24A6F4 /* Pods */,
				2EC55A8D504EBB23E84A101D /* Frameworks */,
			);
			sourceTree = "<group>";
		};
		A2CD4C631B72119C00320DB8 /* Products */ = {
			isa = PBXGroup;
			children = (
				A2CD4C621B72119C00320DB8 /* Share SoundCloud.app */,
				A2CD4C7B1B72119C00320DB8 /* Share SoundCloudTests.xctest */,
				A26A11761B72B5F60089C7C0 /* Share Memory Game.appex */,
			);
			name = Products;
			sourceTree = "<group>";
		};
		A2CD4C641B72119C00320DB8 /* Share SoundCloud */ = {
			isa = PBXGroup;
			children = (
				A2CD4C691B72119C00320DB8 /* AppDelegate.h */,
				A2CD4C6A1B72119C00320DB8 /* AppDelegate.m */,
				A26A11851B72BB400089C7C0 /* Views */,
				A2CD4C6F1B72119C00320DB8 /* Main.storyboard */,
				A2CD4C721B72119C00320DB8 /* Images.xcassets */,
				A2CD4C741B72119C00320DB8 /* LaunchScreen.xib */,
				A2CD4C651B72119C00320DB8 /* Supporting Files */,
			);
			path = "Share SoundCloud";
			sourceTree = "<group>";
		};
		A2CD4C651B72119C00320DB8 /* Supporting Files */ = {
			isa = PBXGroup;
			children = (
				A2CD4C661B72119C00320DB8 /* Info.plist */,
				A2CD4C671B72119C00320DB8 /* main.m */,
			);
			name = "Supporting Files";
			sourceTree = "<group>";
		};
		A2CD4C7E1B72119C00320DB8 /* Share SoundCloudTests */ = {
			isa = PBXGroup;
			children = (
				A2CD4C7F1B72119C00320DB8 /* Supporting Files */,
			);
			path = "Share SoundCloudTests";
			sourceTree = "<group>";
		};
		A2CD4C7F1B72119C00320DB8 /* Supporting Files */ = {
			isa = PBXGroup;
			children = (
				A2CD4C801B72119C00320DB8 /* Info.plist */,
			);
			name = "Supporting Files";
			sourceTree = "<group>";
		};
		A2FC53051B77DC710060B350 /* Adapters */ = {
			isa = PBXGroup;
			children = (
				A2FC52FF1B7758F60060B350 /* GameCollectionViewDataSource.h */,
				A2FC53001B7758F60060B350 /* GameCollectionViewDataSource.m */,
				A2FC53021B7759150060B350 /* GameCollectionViewDelegate.h */,
				A2FC53031B7759150060B350 /* GameCollectionViewDelegate.m */,
			);
			name = Adapters;
			sourceTree = "<group>";
		};
		A2FC53061B77DC800060B350 /* GameCollectionViewCell */ = {
			isa = PBXGroup;
			children = (
				A26A11881B72C3020089C7C0 /* GameCollectionViewCell.h */,
				A26A11891B72C3020089C7C0 /* GameCollectionViewCell.m */,
			);
			name = GameCollectionViewCell;
			sourceTree = "<group>";
		};
		A2FC530F1B7800390060B350 /* Response Models */ = {
			isa = PBXGroup;
			children = (
				A2FC530C1B7800340060B350 /* TrackListResponseModel.h */,
				A2FC530D1B7800340060B350 /* TrackListResponseModel.m */,
			);
			name = "Response Models";
			sourceTree = "<group>";
		};
/* End PBXGroup section */

/* Begin PBXNativeTarget section */
		A26A11751B72B5F60089C7C0 /* Share Memory Game */ = {
			isa = PBXNativeTarget;
			buildConfigurationList = A26A11821B72B5F60089C7C0 /* Build configuration list for PBXNativeTarget "Share Memory Game" */;
			buildPhases = (
				C89E7A21E55ACA40213890D1 /* Check Pods Manifest.lock */,
				A26A11721B72B5F60089C7C0 /* Sources */,
				A26A11731B72B5F60089C7C0 /* Frameworks */,
				A26A11741B72B5F60089C7C0 /* Resources */,
				3191392A8C17ED5D80568E99 /* Copy Pods Resources */,
			);
			buildRules = (
			);
			dependencies = (
			);
			name = "Share Memory Game";
			productName = "Share Memory Game";
			productReference = A26A11761B72B5F60089C7C0 /* Share Memory Game.appex */;
			productType = "com.apple.product-type.app-extension";
		};
		A2CD4C611B72119C00320DB8 /* Share SoundCloud */ = {
			isa = PBXNativeTarget;
			buildConfigurationList = A2CD4C851B72119C00320DB8 /* Build configuration list for PBXNativeTarget "Share SoundCloud" */;
			buildPhases = (
				A2CD4C5E1B72119C00320DB8 /* Sources */,
				A2CD4C5F1B72119C00320DB8 /* Frameworks */,
				A2CD4C601B72119C00320DB8 /* Resources */,
				A2CD4C9E1B7211B500320DB8 /* Embed App Extensions */,
			);
			buildRules = (
			);
			dependencies = (
				A26A11801B72B5F60089C7C0 /* PBXTargetDependency */,
			);
			name = "Share SoundCloud";
			productName = "Share SoundCloud";
			productReference = A2CD4C621B72119C00320DB8 /* Share SoundCloud.app */;
			productType = "com.apple.product-type.application";
		};
		A2CD4C7A1B72119C00320DB8 /* Share SoundCloudTests */ = {
			isa = PBXNativeTarget;
			buildConfigurationList = A2CD4C881B72119C00320DB8 /* Build configuration list for PBXNativeTarget "Share SoundCloudTests" */;
			buildPhases = (
				D390FB6CAFB3B59208845E6D /* Check Pods Manifest.lock */,
				A2CD4C771B72119C00320DB8 /* Sources */,
				A2CD4C781B72119C00320DB8 /* Frameworks */,
				A2CD4C791B72119C00320DB8 /* Resources */,
				C089E9D4BA14140196D92A68 /* Copy Pods Resources */,
			);
			buildRules = (
			);
			dependencies = (
				A2CD4C7D1B72119C00320DB8 /* PBXTargetDependency */,
			);
			name = "Share SoundCloudTests";
			productName = "Share SoundCloudTests";
			productReference = A2CD4C7B1B72119C00320DB8 /* Share SoundCloudTests.xctest */;
			productType = "com.apple.product-type.bundle.unit-test";
		};
/* End PBXNativeTarget section */

/* Begin PBXProject section */
		A2CD4C5A1B72119C00320DB8 /* Project object */ = {
			isa = PBXProject;
			attributes = {
				LastUpgradeCheck = 0640;
				ORGANIZATIONNAME = Apro;
				TargetAttributes = {
					A26A11751B72B5F60089C7C0 = {
						CreatedOnToolsVersion = 6.4;
						SystemCapabilities = {
							com.apple.ApplicationGroups.iOS = {
								enabled = 0;
							};
							com.apple.OMC = {
								enabled = 0;
							};
						};
					};
					A2CD4C611B72119C00320DB8 = {
						CreatedOnToolsVersion = 6.4;
						DevelopmentTeam = 62YJWQ3CR7;
						SystemCapabilities = {
							com.apple.ApplicationGroups.iOS = {
								enabled = 0;
							};
						};
					};
					A2CD4C7A1B72119C00320DB8 = {
						CreatedOnToolsVersion = 6.4;
						TestTargetID = A2CD4C611B72119C00320DB8;
					};
					A2CD4C9F1B72337500320DB8 = {
						CreatedOnToolsVersion = 6.4;
					};
				};
			};
			buildConfigurationList = A2CD4C5D1B72119C00320DB8 /* Build configuration list for PBXProject "Share SoundCloud" */;
			compatibilityVersion = "Xcode 3.2";
			developmentRegion = English;
			hasScannedForEncodings = 0;
			knownRegions = (
				en,
				Base,
			);
			mainGroup = A2CD4C591B72119C00320DB8;
			productRefGroup = A2CD4C631B72119C00320DB8 /* Products */;
			projectDirPath = "";
			projectRoot = "";
			targets = (
				A2CD4C611B72119C00320DB8 /* Share SoundCloud */,
				A2CD4C7A1B72119C00320DB8 /* Share SoundCloudTests */,
				A26A11751B72B5F60089C7C0 /* Share Memory Game */,
				A2CD4C9F1B72337500320DB8 /* OCLint */,
			);
		};
/* End PBXProject section */

/* Begin PBXResourcesBuildPhase section */
		A26A11741B72B5F60089C7C0 /* Resources */ = {
			isa = PBXResourcesBuildPhase;
			buildActionMask = 2147483647;
			files = (
				A26A117E1B72B5F60089C7C0 /* MainInterface.storyboard in Resources */,
			);
			runOnlyForDeploymentPostprocessing = 0;
		};
		A2CD4C601B72119C00320DB8 /* Resources */ = {
			isa = PBXResourcesBuildPhase;
			buildActionMask = 2147483647;
			files = (
				A2CD4C711B72119C00320DB8 /* Main.storyboard in Resources */,
				A2CD4C761B72119C00320DB8 /* LaunchScreen.xib in Resources */,
				A2CD4C731B72119C00320DB8 /* Images.xcassets in Resources */,
			);
			runOnlyForDeploymentPostprocessing = 0;
		};
		A2CD4C791B72119C00320DB8 /* Resources */ = {
			isa = PBXResourcesBuildPhase;
			buildActionMask = 2147483647;
			files = (
			);
			runOnlyForDeploymentPostprocessing = 0;
		};
/* End PBXResourcesBuildPhase section */

/* Begin PBXShellScriptBuildPhase section */
		3191392A8C17ED5D80568E99 /* Copy Pods Resources */ = {
			isa = PBXShellScriptBuildPhase;
			buildActionMask = 2147483647;
			files = (
			);
			inputPaths = (
			);
			name = "Copy Pods Resources";
			outputPaths = (
			);
			runOnlyForDeploymentPostprocessing = 0;
			shellPath = /bin/sh;
			shellScript = "\"${SRCROOT}/Pods/Target Support Files/Pods-Share Memory Game/Pods-Share Memory Game-resources.sh\"\n";
			showEnvVarsInLog = 0;
		};
		A2CD4CA41B723C2600320DB8 /* ShellScript */ = {
			isa = PBXShellScriptBuildPhase;
			buildActionMask = 2147483647;
			files = (
			);
			inputPaths = (
			);
			outputPaths = (
			);
			runOnlyForDeploymentPostprocessing = 0;
			shellPath = /bin/sh;
			shellScript = "if [ -f ~/.bash_profile ]; then\nsource ~/.bash_profile\nfi\n\nhash oclint &> /dev/null\nif [ $? -eq 1 ]; then\necho >&2 \"oclint not found, analyzing stopped\"\nexit 1\nfi\n\nif [ ! -f \"${TARGET_TEMP_DIR}\"/xcodebuild.log ]; then\necho \"[*] xcodebuild.log not found, possibly clean was performed\"\necho \"[*] starting xcodebuild to rebuild the project..\"\n\ncd \"${SRCROOT}\"\n\nxcodebuild clean -configuration \"${CONFIGURATION}\" -project \"${PROJECT_NAME}\".xcodeproj\n\n#build xcodebuild.log\nxcodebuild -configuration \"${CONFIGURATION}\" -project \"${PROJECT_NAME}\".xcodeproj | tee \"${TARGET_TEMP_DIR}\"/xcodebuild.log\nfi\n\ncd \"${TARGET_TEMP_DIR}\"\n\necho \"[*] transforming xcodebuild.log into compile_commands.json...\"\n#transform it into compile_commands.json\noclint-xcodebuild\n\necho \"[*] starting analyzing\"\noclint-json-compilation-database -- -p \"${TARGET_TEMP_DIR}\" | sed -E 's/(.*\\.(c|m{1,2}):[0-9]*:[0-9]*:)/\\1 warning:/'";
		};
		C089E9D4BA14140196D92A68 /* Copy Pods Resources */ = {
			isa = PBXShellScriptBuildPhase;
			buildActionMask = 2147483647;
			files = (
			);
			inputPaths = (
			);
			name = "Copy Pods Resources";
			outputPaths = (
			);
			runOnlyForDeploymentPostprocessing = 0;
			shellPath = /bin/sh;
			shellScript = "\"${SRCROOT}/Pods/Target Support Files/Pods-Share SoundCloudTests/Pods-Share SoundCloudTests-resources.sh\"\n";
			showEnvVarsInLog = 0;
		};
		C89E7A21E55ACA40213890D1 /* Check Pods Manifest.lock */ = {
			isa = PBXShellScriptBuildPhase;
			buildActionMask = 2147483647;
			files = (
			);
			inputPaths = (
			);
			name = "Check Pods Manifest.lock";
			outputPaths = (
			);
			runOnlyForDeploymentPostprocessing = 0;
			shellPath = /bin/sh;
			shellScript = "diff \"${PODS_ROOT}/../Podfile.lock\" \"${PODS_ROOT}/Manifest.lock\" > /dev/null\nif [[ $? != 0 ]] ; then\n    cat << EOM\nerror: The sandbox is not in sync with the Podfile.lock. Run 'pod install' or update your CocoaPods installation.\nEOM\n    exit 1\nfi\n";
			showEnvVarsInLog = 0;
		};
		D390FB6CAFB3B59208845E6D /* Check Pods Manifest.lock */ = {
			isa = PBXShellScriptBuildPhase;
			buildActionMask = 2147483647;
			files = (
			);
			inputPaths = (
			);
			name = "Check Pods Manifest.lock";
			outputPaths = (
			);
			runOnlyForDeploymentPostprocessing = 0;
			shellPath = /bin/sh;
			shellScript = "diff \"${PODS_ROOT}/../Podfile.lock\" \"${PODS_ROOT}/Manifest.lock\" > /dev/null\nif [[ $? != 0 ]] ; then\n    cat << EOM\nerror: The sandbox is not in sync with the Podfile.lock. Run 'pod install' or update your CocoaPods installation.\nEOM\n    exit 1\nfi\n";
			showEnvVarsInLog = 0;
		};
/* End PBXShellScriptBuildPhase section */

/* Begin PBXSourcesBuildPhase section */
		A26A11721B72B5F60089C7C0 /* Sources */ = {
			isa = PBXSourcesBuildPhase;
			buildActionMask = 2147483647;
			files = (
				A26A11B71B760B400089C7C0 /* TrackListRepositoryImpl.m in Sources */,
				A26A118A1B72C3020089C7C0 /* GameCollectionViewCell.m in Sources */,
				A271BE661B780A350053B2B9 /* ShareViewModel.m in Sources */,
				A26A11C31B760D3A0089C7C0 /* TrackListInteractor.m in Sources */,
				A26A117C1B72B5F60089C7C0 /* ShareViewController.m in Sources */,
				A26A11BE1B760D1E0089C7C0 /* RESTClientImpl.m in Sources */,
				A2FC530E1B7800340060B350 /* TrackListResponseModel.m in Sources */,
				A26A11AA1B76074D0089C7C0 /* TrackList.m in Sources */,
				A26A11A61B7607320089C7C0 /* Track.m in Sources */,
				A271BE771B7A90500053B2B9 /* ShareMemoryGameDependencies.m in Sources */,
				A271BE6F1B791B050053B2B9 /* NSArray+Helper.m in Sources */,
				A26A11B21B7607B60089C7C0 /* SharePresenterImpl.m in Sources */,
				A2FC53011B7758F60060B350 /* GameCollectionViewDataSource.m in Sources */,
				A2FC53041B7759150060B350 /* GameCollectionViewDelegate.m in Sources */,
			);
			runOnlyForDeploymentPostprocessing = 0;
		};
		A2CD4C5E1B72119C00320DB8 /* Sources */ = {
			isa = PBXSourcesBuildPhase;
			buildActionMask = 2147483647;
			files = (
				A2CD4C6E1B72119C00320DB8 /* ViewController.m in Sources */,
				A2CD4C6B1B72119C00320DB8 /* AppDelegate.m in Sources */,
				A2CD4C681B72119C00320DB8 /* main.m in Sources */,
			);
			runOnlyForDeploymentPostprocessing = 0;
		};
		A2CD4C771B72119C00320DB8 /* Sources */ = {
			isa = PBXSourcesBuildPhase;
			buildActionMask = 2147483647;
			files = (
			);
			runOnlyForDeploymentPostprocessing = 0;
		};
/* End PBXSourcesBuildPhase section */

/* Begin PBXTargetDependency section */
		A26A11801B72B5F60089C7C0 /* PBXTargetDependency */ = {
			isa = PBXTargetDependency;
			target = A26A11751B72B5F60089C7C0 /* Share Memory Game */;
			targetProxy = A26A117F1B72B5F60089C7C0 /* PBXContainerItemProxy */;
		};
		A2CD4C7D1B72119C00320DB8 /* PBXTargetDependency */ = {
			isa = PBXTargetDependency;
			target = A2CD4C611B72119C00320DB8 /* Share SoundCloud */;
			targetProxy = A2CD4C7C1B72119C00320DB8 /* PBXContainerItemProxy */;
		};
/* End PBXTargetDependency section */

/* Begin PBXVariantGroup section */
		A2CD4C6F1B72119C00320DB8 /* Main.storyboard */ = {
			isa = PBXVariantGroup;
			children = (
				A2CD4C701B72119C00320DB8 /* Base */,
			);
			name = Main.storyboard;
			sourceTree = "<group>";
		};
		A2CD4C741B72119C00320DB8 /* LaunchScreen.xib */ = {
			isa = PBXVariantGroup;
			children = (
				A2CD4C751B72119C00320DB8 /* Base */,
			);
			name = LaunchScreen.xib;
			sourceTree = "<group>";
		};
/* End PBXVariantGroup section */

/* Begin XCBuildConfiguration section */
		A26A11831B72B5F60089C7C0 /* Debug */ = {
			isa = XCBuildConfiguration;
			baseConfigurationReference = E33F2C10B02845C32E569761 /* Pods-Share Memory Game.debug.xcconfig */;
			buildSettings = {
				CODE_SIGN_ENTITLEMENTS = "";
				CODE_SIGN_IDENTITY = "iPhone Developer";
				"CODE_SIGN_IDENTITY[sdk=iphoneos*]" = "iPhone Developer";
				GCC_PREPROCESSOR_DEFINITIONS = "$(inherited)";
				INFOPLIST_FILE = "Share Memory Game/Info.plist";
				LD_RUNPATH_SEARCH_PATHS = "$(inherited) @executable_path/Frameworks @executable_path/../../Frameworks";
				PRODUCT_NAME = "$(TARGET_NAME)";
				PROVISIONING_PROFILE = "";
				SKIP_INSTALL = YES;
			};
			name = Debug;
		};
		A26A11841B72B5F60089C7C0 /* Release */ = {
			isa = XCBuildConfiguration;
			baseConfigurationReference = 02A0B4EFFC6177978FEA3DA0 /* Pods-Share Memory Game.release.xcconfig */;
			buildSettings = {
				CODE_SIGN_ENTITLEMENTS = "";
				CODE_SIGN_IDENTITY = "iPhone Developer";
				"CODE_SIGN_IDENTITY[sdk=iphoneos*]" = "iPhone Developer";
				GCC_PREPROCESSOR_DEFINITIONS = "$(inherited)";
				INFOPLIST_FILE = "Share Memory Game/Info.plist";
				LD_RUNPATH_SEARCH_PATHS = "$(inherited) @executable_path/Frameworks @executable_path/../../Frameworks";
				PRODUCT_NAME = "$(TARGET_NAME)";
				PROVISIONING_PROFILE = "";
				SKIP_INSTALL = YES;
			};
			name = Release;
		};
		A2CD4C831B72119C00320DB8 /* Debug */ = {
			isa = XCBuildConfiguration;
			buildSettings = {
				ALWAYS_SEARCH_USER_PATHS = NO;
				CLANG_CXX_LANGUAGE_STANDARD = "gnu++0x";
				CLANG_CXX_LIBRARY = "libc++";
				CLANG_ENABLE_MODULES = YES;
				CLANG_ENABLE_OBJC_ARC = YES;
				CLANG_WARN_BOOL_CONVERSION = YES;
				CLANG_WARN_CONSTANT_CONVERSION = YES;
				CLANG_WARN_DIRECT_OBJC_ISA_USAGE = YES_ERROR;
				CLANG_WARN_EMPTY_BODY = YES;
				CLANG_WARN_ENUM_CONVERSION = YES;
				CLANG_WARN_INT_CONVERSION = YES;
				CLANG_WARN_OBJC_ROOT_CLASS = YES_ERROR;
				CLANG_WARN_UNREACHABLE_CODE = YES;
				CLANG_WARN__DUPLICATE_METHOD_MATCH = YES;
				"CODE_SIGN_IDENTITY[sdk=iphoneos*]" = "iPhone Developer";
				COPY_PHASE_STRIP = NO;
				DEBUG_INFORMATION_FORMAT = "dwarf-with-dsym";
				ENABLE_STRICT_OBJC_MSGSEND = YES;
				GCC_C_LANGUAGE_STANDARD = gnu99;
				GCC_DYNAMIC_NO_PIC = NO;
				GCC_NO_COMMON_BLOCKS = YES;
				GCC_OPTIMIZATION_LEVEL = 0;
				GCC_PREPROCESSOR_DEFINITIONS = (
					"DEBUG=1",
					"$(inherited)",
				);
				GCC_SYMBOLS_PRIVATE_EXTERN = NO;
				GCC_WARN_64_TO_32_BIT_CONVERSION = YES;
				GCC_WARN_ABOUT_RETURN_TYPE = YES_ERROR;
				GCC_WARN_UNDECLARED_SELECTOR = YES;
				GCC_WARN_UNINITIALIZED_AUTOS = YES_AGGRESSIVE;
				GCC_WARN_UNUSED_FUNCTION = YES;
				GCC_WARN_UNUSED_VARIABLE = YES;
				IPHONEOS_DEPLOYMENT_TARGET = 8.4;
				MTL_ENABLE_DEBUG_INFO = YES;
				ONLY_ACTIVE_ARCH = YES;
				SDKROOT = iphoneos;
			};
			name = Debug;
		};
		A2CD4C841B72119C00320DB8 /* Release */ = {
			isa = XCBuildConfiguration;
			buildSettings = {
				ALWAYS_SEARCH_USER_PATHS = NO;
				CLANG_CXX_LANGUAGE_STANDARD = "gnu++0x";
				CLANG_CXX_LIBRARY = "libc++";
				CLANG_ENABLE_MODULES = YES;
				CLANG_ENABLE_OBJC_ARC = YES;
				CLANG_WARN_BOOL_CONVERSION = YES;
				CLANG_WARN_CONSTANT_CONVERSION = YES;
				CLANG_WARN_DIRECT_OBJC_ISA_USAGE = YES_ERROR;
				CLANG_WARN_EMPTY_BODY = YES;
				CLANG_WARN_ENUM_CONVERSION = YES;
				CLANG_WARN_INT_CONVERSION = YES;
				CLANG_WARN_OBJC_ROOT_CLASS = YES_ERROR;
				CLANG_WARN_UNREACHABLE_CODE = YES;
				CLANG_WARN__DUPLICATE_METHOD_MATCH = YES;
				"CODE_SIGN_IDENTITY[sdk=iphoneos*]" = "iPhone Developer";
				COPY_PHASE_STRIP = NO;
				DEBUG_INFORMATION_FORMAT = "dwarf-with-dsym";
				ENABLE_NS_ASSERTIONS = NO;
				ENABLE_STRICT_OBJC_MSGSEND = YES;
				GCC_C_LANGUAGE_STANDARD = gnu99;
				GCC_NO_COMMON_BLOCKS = YES;
				GCC_WARN_64_TO_32_BIT_CONVERSION = YES;
				GCC_WARN_ABOUT_RETURN_TYPE = YES_ERROR;
				GCC_WARN_UNDECLARED_SELECTOR = YES;
				GCC_WARN_UNINITIALIZED_AUTOS = YES_AGGRESSIVE;
				GCC_WARN_UNUSED_FUNCTION = YES;
				GCC_WARN_UNUSED_VARIABLE = YES;
				IPHONEOS_DEPLOYMENT_TARGET = 8.4;
				MTL_ENABLE_DEBUG_INFO = NO;
				SDKROOT = iphoneos;
				VALIDATE_PRODUCT = YES;
			};
			name = Release;
		};
		A2CD4C861B72119C00320DB8 /* Debug */ = {
			isa = XCBuildConfiguration;
			buildSettings = {
				ASSETCATALOG_COMPILER_APPICON_NAME = AppIcon;
				CODE_SIGN_ENTITLEMENTS = "";
				CODE_SIGN_IDENTITY = "iPhone Developer";
				"CODE_SIGN_IDENTITY[sdk=iphoneos*]" = "iPhone Developer";
				INFOPLIST_FILE = "Share SoundCloud/Info.plist";
				LD_RUNPATH_SEARCH_PATHS = "$(inherited) @executable_path/Frameworks";
				PRODUCT_NAME = "$(TARGET_NAME)";
				PROVISIONING_PROFILE = "";
			};
			name = Debug;
		};
		A2CD4C871B72119C00320DB8 /* Release */ = {
			isa = XCBuildConfiguration;
			buildSettings = {
				ASSETCATALOG_COMPILER_APPICON_NAME = AppIcon;
				CODE_SIGN_ENTITLEMENTS = "";
				CODE_SIGN_IDENTITY = "iPhone Developer";
				"CODE_SIGN_IDENTITY[sdk=iphoneos*]" = "iPhone Developer";
				INFOPLIST_FILE = "Share SoundCloud/Info.plist";
				LD_RUNPATH_SEARCH_PATHS = "$(inherited) @executable_path/Frameworks";
				PRODUCT_NAME = "$(TARGET_NAME)";
				PROVISIONING_PROFILE = "";
			};
			name = Release;
		};
		A2CD4C891B72119C00320DB8 /* Debug */ = {
			isa = XCBuildConfiguration;
			baseConfigurationReference = 16EB93758B5CF622FB1367B4 /* Pods-Share SoundCloudTests.debug.xcconfig */;
			buildSettings = {
				BUNDLE_LOADER = "$(TEST_HOST)";
				FRAMEWORK_SEARCH_PATHS = (
					"$(SDKROOT)/Developer/Library/Frameworks",
					"$(inherited)",
				);
				GCC_PREPROCESSOR_DEFINITIONS = (
					"DEBUG=1",
					"$(inherited)",
				);
				INFOPLIST_FILE = "Share SoundCloudTests/Info.plist";
				LD_RUNPATH_SEARCH_PATHS = "$(inherited) @executable_path/Frameworks @loader_path/Frameworks";
				PRODUCT_NAME = "$(TARGET_NAME)";
				PROVISIONING_PROFILE = "";
				TEST_HOST = "$(BUILT_PRODUCTS_DIR)/Share SoundCloud.app/Share SoundCloud";
			};
			name = Debug;
		};
		A2CD4C8A1B72119C00320DB8 /* Release */ = {
			isa = XCBuildConfiguration;
			baseConfigurationReference = 72CEEBF24CBE56C397620C36 /* Pods-Share SoundCloudTests.release.xcconfig */;
			buildSettings = {
				BUNDLE_LOADER = "$(TEST_HOST)";
				FRAMEWORK_SEARCH_PATHS = (
					"$(SDKROOT)/Developer/Library/Frameworks",
					"$(inherited)",
				);
				INFOPLIST_FILE = "Share SoundCloudTests/Info.plist";
				LD_RUNPATH_SEARCH_PATHS = "$(inherited) @executable_path/Frameworks @loader_path/Frameworks";
				PRODUCT_NAME = "$(TARGET_NAME)";
				PROVISIONING_PROFILE = "";
				TEST_HOST = "$(BUILT_PRODUCTS_DIR)/Share SoundCloud.app/Share SoundCloud";
			};
			name = Release;
		};
		A2CD4CA01B72337500320DB8 /* Debug */ = {
			isa = XCBuildConfiguration;
			buildSettings = {
				PRODUCT_NAME = "$(TARGET_NAME)";
			};
			name = Debug;
		};
		A2CD4CA11B72337500320DB8 /* Release */ = {
			isa = XCBuildConfiguration;
			buildSettings = {
				PRODUCT_NAME = "$(TARGET_NAME)";
			};
			name = Release;
		};
/* End XCBuildConfiguration section */

/* Begin XCConfigurationList section */
		A26A11821B72B5F60089C7C0 /* Build configuration list for PBXNativeTarget "Share Memory Game" */ = {
			isa = XCConfigurationList;
			buildConfigurations = (
				A26A11831B72B5F60089C7C0 /* Debug */,
				A26A11841B72B5F60089C7C0 /* Release */,
			);
			defaultConfigurationIsVisible = 0;
			defaultConfigurationName = Release;
		};
		A2CD4C5D1B72119C00320DB8 /* Build configuration list for PBXProject "Share SoundCloud" */ = {
			isa = XCConfigurationList;
			buildConfigurations = (
				A2CD4C831B72119C00320DB8 /* Debug */,
				A2CD4C841B72119C00320DB8 /* Release */,
			);
			defaultConfigurationIsVisible = 0;
			defaultConfigurationName = Release;
		};
		A2CD4C851B72119C00320DB8 /* Build configuration list for PBXNativeTarget "Share SoundCloud" */ = {
			isa = XCConfigurationList;
			buildConfigurations = (
				A2CD4C861B72119C00320DB8 /* Debug */,
				A2CD4C871B72119C00320DB8 /* Release */,
			);
			defaultConfigurationIsVisible = 0;
			defaultConfigurationName = Release;
		};
		A2CD4C881B72119C00320DB8 /* Build configuration list for PBXNativeTarget "Share SoundCloudTests" */ = {
			isa = XCConfigurationList;
			buildConfigurations = (
				A2CD4C891B72119C00320DB8 /* Debug */,
				A2CD4C8A1B72119C00320DB8 /* Release */,
			);
			defaultConfigurationIsVisible = 0;
			defaultConfigurationName = Release;
		};
		A2CD4CA21B72337500320DB8 /* Build configuration list for PBXAggregateTarget "OCLint" */ = {
			isa = XCConfigurationList;
			buildConfigurations = (
				A2CD4CA01B72337500320DB8 /* Debug */,
				A2CD4CA11B72337500320DB8 /* Release */,
			);
			defaultConfigurationIsVisible = 0;
			defaultConfigurationName = Release;
		};
/* End XCConfigurationList section */
	};
	rootObject = A2CD4C5A1B72119C00320DB8 /* Project object */;
}
